// !$*UTF8*$!
{
	archiveVersion = 1;
	classes = {
	};
	objectVersion = 46;
	objects = {

/* Begin PBXBuildFile section */
		571E72881D2A23DD00236964 /* AppDelegate.swift in Sources */ = {isa = PBXBuildFile; fileRef = 571E72871D2A23DD00236964 /* AppDelegate.swift */; };
		571E728D1D2A23DD00236964 /* Main.storyboard in Resources */ = {isa = PBXBuildFile; fileRef = 571E728B1D2A23DD00236964 /* Main.storyboard */; };
		571E728F1D2A23DD00236964 /* Assets.xcassets in Resources */ = {isa = PBXBuildFile; fileRef = 571E728E1D2A23DD00236964 /* Assets.xcassets */; };
		571E72921D2A23DD00236964 /* LaunchScreen.storyboard in Resources */ = {isa = PBXBuildFile; fileRef = 571E72901D2A23DD00236964 /* LaunchScreen.storyboard */; };
		571E729A1D2A240D00236964 /* PhotosViewController.swift in Sources */ = {isa = PBXBuildFile; fileRef = 571E72991D2A240D00236964 /* PhotosViewController.swift */; };
		571E729C1D2A299200236964 /* FlickrAPI.swift in Sources */ = {isa = PBXBuildFile; fileRef = 571E729B1D2A299200236964 /* FlickrAPI.swift */; };
		571E729E1D2A2E9B00236964 /* PhotoStore.swift in Sources */ = {isa = PBXBuildFile; fileRef = 571E729D1D2A2E9B00236964 /* PhotoStore.swift */; };
		571E72A01D2A361300236964 /* Photo.swift in Sources */ = {isa = PBXBuildFile; fileRef = 571E729F1D2A361300236964 /* Photo.swift */; };
/* End PBXBuildFile section */

/* Begin PBXFileReference section */
		571E72841D2A23DD00236964 /* Photorama.app */ = {isa = PBXFileReference; explicitFileType = wrapper.application; includeInIndex = 0; path = Photorama.app; sourceTree = BUILT_PRODUCTS_DIR; };
		571E72871D2A23DD00236964 /* AppDelegate.swift */ = {isa = PBXFileReference; lastKnownFileType = sourcecode.swift; path = AppDelegate.swift; sourceTree = "<group>"; };
		571E728C1D2A23DD00236964 /* Base */ = {isa = PBXFileReference; lastKnownFileType = file.storyboard; name = Base; path = Base.lproj/Main.storyboard; sourceTree = "<group>"; };
		571E728E1D2A23DD00236964 /* Assets.xcassets */ = {isa = PBXFileReference; lastKnownFileType = folder.assetcatalog; path = Assets.xcassets; sourceTree = "<group>"; };
		571E72911D2A23DD00236964 /* Base */ = {isa = PBXFileReference; lastKnownFileType = file.storyboard; name = Base; path = Base.lproj/LaunchScreen.storyboard; sourceTree = "<group>"; };
		571E72931D2A23DD00236964 /* Info.plist */ = {isa = PBXFileReference; lastKnownFileType = text.plist.xml; path = Info.plist; sourceTree = "<group>"; };
		571E72991D2A240D00236964 /* PhotosViewController.swift */ = {isa = PBXFileReference; fileEncoding = 4; lastKnownFileType = sourcecode.swift; path = PhotosViewController.swift; sourceTree = "<group>"; };
		571E729B1D2A299200236964 /* FlickrAPI.swift */ = {isa = PBXFileReference; fileEncoding = 4; lastKnownFileType = sourcecode.swift; path = FlickrAPI.swift; sourceTree = "<group>"; };
		571E729D1D2A2E9B00236964 /* PhotoStore.swift */ = {isa = PBXFileReference; fileEncoding = 4; lastKnownFileType = sourcecode.swift; path = PhotoStore.swift; sourceTree = "<group>"; };
		571E729F1D2A361300236964 /* Photo.swift */ = {isa = PBXFileReference; fileEncoding = 4; lastKnownFileType = sourcecode.swift; path = Photo.swift; sourceTree = "<group>"; };
/* End PBXFileReference section */

/* Begin PBXFrameworksBuildPhase section */
		571E72811D2A23DD00236964 /* Frameworks */ = {
			isa = PBXFrameworksBuildPhase;
			buildActionMask = 2147483647;
			files = (
			);
			runOnlyForDeploymentPostprocessing = 0;
		};
/* End PBXFrameworksBuildPhase section */

/* Begin PBXGroup section */
		571E727B1D2A23DD00236964 = {
			isa = PBXGroup;
			children = (
				571E72861D2A23DD00236964 /* Photorama */,
				571E72851D2A23DD00236964 /* Products */,
			);
			sourceTree = "<group>";
		};
		571E72851D2A23DD00236964 /* Products */ = {
			isa = PBXGroup;
			children = (
				571E72841D2A23DD00236964 /* Photorama.app */,
			);
			name = Products;
			sourceTree = "<group>";
		};
		571E72861D2A23DD00236964 /* Photorama */ = {
			isa = PBXGroup;
			children = (
				571E72871D2A23DD00236964 /* AppDelegate.swift */,
				571E728B1D2A23DD00236964 /* Main.storyboard */,
				571E728E1D2A23DD00236964 /* Assets.xcassets */,
				571E72901D2A23DD00236964 /* LaunchScreen.storyboard */,
				571E72931D2A23DD00236964 /* Info.plist */,
				571E72991D2A240D00236964 /* PhotosViewController.swift */,
				571E729D1D2A2E9B00236964 /* PhotoStore.swift */,
				571E729B1D2A299200236964 /* FlickrAPI.swift */,
				571E729F1D2A361300236964 /* Photo.swift */,
			);
			path = Photorama;
			sourceTree = "<group>";
		};
/* End PBXGroup section */

/* Begin PBXNativeTarget section */
		571E72831D2A23DD00236964 /* Photorama */ = {
			isa = PBXNativeTarget;
			buildConfigurationList = 571E72961D2A23DD00236964 /* Build configuration list for PBXNativeTarget "Photorama" */;
			buildPhases = (
				571E72801D2A23DD00236964 /* Sources */,
				571E72811D2A23DD00236964 /* Frameworks */,
				571E72821D2A23DD00236964 /* Resources */,
			);
			buildRules = (
			);
			dependencies = (
			);
			name = Photorama;
			productName = Photorama;
			productReference = 571E72841D2A23DD00236964 /* Photorama.app */;
			productType = "com.apple.product-type.application";
		};
/* End PBXNativeTarget section */

/* Begin PBXProject section */
		571E727C1D2A23DD00236964 /* Project object */ = {
			isa = PBXProject;
			attributes = {
				LastSwiftUpdateCheck = 0730;
				LastUpgradeCheck = 0730;
				ORGANIZATIONNAME = "Dan Patey";
				TargetAttributes = {
					571E72831D2A23DD00236964 = {
						CreatedOnToolsVersion = 7.3.1;
					};
				};
			};
			buildConfigurationList = 571E727F1D2A23DD00236964 /* Build configuration list for PBXProject "Photorama" */;
			compatibilityVersion = "Xcode 3.2";
			developmentRegion = English;
			hasScannedForEncodings = 0;
			knownRegions = (
				en,
				Base,
			);
			mainGroup = 571E727B1D2A23DD00236964;
			productRefGroup = 571E72851D2A23DD00236964 /* Products */;
			projectDirPath = "";
			projectRoot = "";
			targets = (
				571E72831D2A23DD00236964 /* Photorama */,
			);
		};
/* End PBXProject section */

/* Begin PBXResourcesBuildPhase section */
		571E72821D2A23DD00236964 /* Resources */ = {
			isa = PBXResourcesBuildPhase;
			buildActionMask = 2147483647;
			files = (
				571E72921D2A23DD00236964 /* LaunchScreen.storyboard in Resources */,
				571E728F1D2A23DD00236964 /* Assets.xcassets in Resources */,
				571E728D1D2A23DD00236964 /* Main.storyboard in Resources */,
			);
			runOnlyForDeploymentPostprocessing = 0;
		};
/* End PBXResourcesBuildPhase section */

/* Begin PBXSourcesBuildPhase section */
		571E72801D2A23DD00236964 /* Sources */ = {
			isa = PBXSourcesBuildPhase;
			buildActionMask = 2147483647;
			files = (
				571E729C1D2A299200236964 /* FlickrAPI.swift in Sources */,
				571E72881D2A23DD00236964 /* AppDelegate.swift in Sources */,
				571E729E1D2A2E9B00236964 /* PhotoStore.swift in Sources */,
				571E729A1D2A240D00236964 /* PhotosViewController.swift in Sources */,
				571E72A01D2A361300236964 /* Photo.swift in Sources */,
			);
			runOnlyForDeploymentPostprocessing = 0;
		};
/* End PBXSourcesBuildPhase section */

/* Begin PBXVariantGroup section */
		571E728B1D2A23DD00236964 /* Main.storyboard */ = {
			isa = PBXVariantGroup;
			children = (
				571E728C1D2A23DD00236964 /* Base */,
			);
			name = Main.storyboard;
			sourceTree = "<group>";
		};
		571E72901D2A23DD00236964 /* LaunchScreen.storyboard */ = {
			isa = PBXVariantGroup;
			children = (
				571E72911D2A23DD00236964 /* Base */,
			);
			name = LaunchScreen.storyboard;
			sourceTree = "<group>";
		};
/* End PBXVariantGroup section */

/* Begin XCBuildConfiguration section */
		571E72941D2A23DD00236964 /* Debug */ = {
			isa = XCBuildConfiguration;
			buildSettings = {
				ALWAYS_SEARCH_USER_PATHS = NO;
				CLANG_ANALYZER_NONNULL = YES;
				CLANG_CXX_LANGUAGE_STANDARD = "gnu++0x";
				CLANG_CXX_LIBRARY = "libc++";
				CLANG_ENABLE_MODULES = YES;
				CLANG_ENABLE_OBJC_ARC = YES;
				CLANG_WARN_BOOL_CONVERSION = YES;
				CLANG_WARN_CONSTANT_CONVERSION = YES;
				CLANG_WARN_DIRECT_OBJC_ISA_USAGE = YES_ERROR;
				CLANG_WARN_EMPTY_BODY = YES;
				CLANG_WARN_ENUM_CONVERSION = YES;
				CLANG_WARN_INT_CONVERSION = YES;
				CLANG_WARN_OBJC_ROOT_CLASS = YES_ERROR;
				CLANG_WARN_UNREACHABLE_CODE = YES;
				CLANG_WARN__DUPLICATE_METHOD_MATCH = YES;
				"CODE_SIGN_IDENTITY[sdk=iphoneos*]" = "iPhone Developer";
				COPY_PHASE_STRIP = NO;
				DEBUG_INFORMATION_FORMAT = dwarf;
				ENABLE_STRICT_OBJC_MSGSEND = YES;
				ENABLE_TESTABILITY = YES;
				GCC_C_LANGUAGE_STANDARD = gnu99;
				GCC_DYNAMIC_NO_PIC = NO;
				GCC_NO_COMMON_BLOCKS = YES;
				GCC_OPTIMIZATION_LEVEL = 0;
				GCC_PREPROCESSOR_DEFINITIONS = (
					"DEBUG=1",
					"$(inherited)",
				);
				GCC_WARN_64_TO_32_BIT_CONVERSION = YES;
				GCC_WARN_ABOUT_RETURN_TYPE = YES_ERROR;
				GCC_WARN_UNDECLARED_SELECTOR = YES;
				GCC_WARN_UNINITIALIZED_AUTOS = YES_AGGRESSIVE;
				GCC_WARN_UNUSED_FUNCTION = YES;
				GCC_WARN_UNUSED_VARIABLE = YES;
				IPHONEOS_DEPLOYMENT_TARGET = 9.3;
				MTL_ENABLE_DEBUG_INFO = YES;
				ONLY_ACTIVE_ARCH = YES;
				SDKROOT = iphoneos;
				SWIFT_OPTIMIZATION_LEVEL = "-Onone";
			};
			name = Debug;
		};
		571E72951D2A23DD00236964 /* Release */ = {
			isa = XCBuildConfiguration;
			buildSettings = {
				ALWAYS_SEARCH_USER_PATHS = NO;
				CLANG_ANALYZER_NONNULL = YES;
				CLANG_CXX_LANGUAGE_STANDARD = "gnu++0x";
				CLANG_CXX_LIBRARY = "libc++";
				CLANG_ENABLE_MODULES = YES;
				CLANG_ENABLE_OBJC_ARC = YES;
				CLANG_WARN_BOOL_CONVERSION = YES;
				CLANG_WARN_CONSTANT_CONVERSION = YES;
				CLANG_WARN_DIRECT_OBJC_ISA_USAGE = YES_ERROR;
				CLANG_WARN_EMPTY_BODY = YES;
				CLANG_WARN_ENUM_CONVERSION = YES;
				CLANG_WARN_INT_CONVERSION = YES;
				CLANG_WARN_OBJC_ROOT_CLASS = YES_ERROR;
				CLANG_WARN_UNREACHABLE_CODE = YES;
				CLANG_WARN__DUPLICATE_METHOD_MATCH = YES;
				"CODE_SIGN_IDENTITY[sdk=iphoneos*]" = "iPhone Developer";
				COPY_PHASE_STRIP = NO;
				DEBUG_INFORMATION_FORMAT = "dwarf-with-dsym";
				ENABLE_NS_ASSERTIONS = NO;
				ENABLE_STRICT_OBJC_MSGSEND = YES;
				GCC_C_LANGUAGE_STANDARD = gnu99;
				GCC_NO_COMMON_BLOCKS = YES;
				GCC_WARN_64_TO_32_BIT_CONVERSION = YES;
				GCC_WARN_ABOUT_RETURN_TYPE = YES_ERROR;
				GCC_WARN_UNDECLARED_SELECTOR = YES;
				GCC_WARN_UNINITIALIZED_AUTOS = YES_AGGRESSIVE;
				GCC_WARN_UNUSED_FUNCTION = YES;
				GCC_WARN_UNUSED_VARIABLE = YES;
				IPHONEOS_DEPLOYMENT_TARGET = 9.3;
				MTL_ENABLE_DEBUG_INFO = NO;
				SDKROOT = iphoneos;
				VALIDATE_PRODUCT = YES;
			};
			name = Release;
		};
		571E72971D2A23DD00236964 /* Debug */ = {
			isa = XCBuildConfiguration;
			buildSettings = {
				ASSETCATALOG_COMPILER_APPICON_NAME = AppIcon;
				INFOPLIST_FILE = Photorama/Info.plist;
				LD_RUNPATH_SEARCH_PATHS = "$(inherited) @executable_path/Frameworks";
				PRODUCT_BUNDLE_IDENTIFIER = com.danpatey.Photorama;
				PRODUCT_NAME = "$(TARGET_NAME)";
			};
			name = Debug;
		};
		571E72981D2A23DD00236964 /* Release */ = {
			isa = XCBuildConfiguration;
			buildSettings = {
				ASSETCATALOG_COMPILER_APPICON_NAME = AppIcon;
				INFOPLIST_FILE = Photorama/Info.plist;
				LD_RUNPATH_SEARCH_PATHS = "$(inherited) @executable_path/Frameworks";
				PRODUCT_BUNDLE_IDENTIFIER = com.danpatey.Photorama;
				PRODUCT_NAME = "$(TARGET_NAME)";
			};
			name = Release;
		};
/* End XCBuildConfiguration section */

/* Begin XCConfigurationList section */
		571E727F1D2A23DD00236964 /* Build configuration list for PBXProject "Photorama" */ = {
			isa = XCConfigurationList;
			buildConfigurations = (
				571E72941D2A23DD00236964 /* Debug */,
				571E72951D2A23DD00236964 /* Release */,
			);
			defaultConfigurationIsVisible = 0;
			defaultConfigurationName = Release;
		};
		571E72961D2A23DD00236964 /* Build configuration list for PBXNativeTarget "Photorama" */ = {
			isa = XCConfigurationList;
			buildConfigurations = (
				571E72971D2A23DD00236964 /* Debug */,
				571E72981D2A23DD00236964 /* Release */,
			);
			defaultConfigurationIsVisible = 0;
		};
/* End XCConfigurationList section */
	};
	rootObject = 571E727C1D2A23DD00236964 /* Project object */;
}
